
Microsoft Visual Studio Solution File, Format Version 12.00
# Visual Studio 2013
VisualStudioVersion = 12.0.30723.0
MinimumVisualStudioVersion = 10.0.40219.1
Project("{FAE04EC0-301F-11D3-BF4B-00C04F79EFBC}") = "ProductsApi", "ProductsApi\ProductsApi.csproj", "{C005D54A-DC2F-4946-B4C8-12E19BC2C9C9}"
EndProject
Project("{2150E333-8FDC-42A3-9474-1A3956D46DE8}") = "Models", "Models", "{4202C901-4819-42D6-AC3F-5981D20D9C0F}"
EndProject
Project("{2150E333-8FDC-42A3-9474-1A3956D46DE8}") = "Libraries", "Libraries", "{0E2F4613-DF84-494F-B548-24C40F6EE35D}"
EndProject
Project("{2150E333-8FDC-42A3-9474-1A3956D46DE8}") = "Tests", "Tests", "{B2DF83E7-4F02-4909-BBE2-5A4D64412DC9}"
EndProject
Project("{FAE04EC0-301F-11D3-BF4B-00C04F79EFBC}") = "DataAccess", "Libraries\DataAccess\DataAccess.csproj", "{4CF25EF8-01DE-4A51-8958-4EBFED5CFB14}"
EndProject
Project("{FAE04EC0-301F-11D3-BF4B-00C04F79EFBC}") = "SalesModel", "Models\SalesModel\SalesModel.csproj", "{97BAD7EC-3EDA-4D58-9D14-B303DC892B41}"
EndProject
Project("{FAE04EC0-301F-11D3-BF4B-00C04F79EFBC}") = "Ioc.Core", "Libraries\Ioc.Core\Ioc.Core.csproj", "{DEBC2EB8-5177-4132-AB80-F5281B908803}"
EndProject
Project("{FAE04EC0-301F-11D3-BF4B-00C04F79EFBC}") = "Common", "Libraries\Common\Common.csproj", "{51EBDC16-245F-4F2C-9056-32556F04BC63}"
EndProject
Project("{FAE04EC0-301F-11D3-BF4B-00C04F79EFBC}") = "DbContexts", "Models\DbContexts\DbContexts.csproj", "{9B0300D4-1FED-4226-ADF7-A66E11BD048B}"
EndProject
Project("{2150E333-8FDC-42A3-9474-1A3956D46DE8}") = "BusinessServices", "BusinessServices", "{3EE97BA3-C169-49EA-BF5B-4F05D52396BF}"
EndProject
Project("{FAE04EC0-301F-11D3-BF4B-00C04F79EFBC}") = "BusinessServices", "BusinessServices\BusinessServices\BusinessServices.csproj", "{498F1A76-BBC9-444F-9945-85B36D1C663C}"
EndProject
Project("{FAE04EC0-301F-11D3-BF4B-00C04F79EFBC}") = "Infrastructure", "Libraries\Infrastructure\Infrastructure.csproj", "{4ECD0E9B-EFC1-4424-8966-E9ABAA446BEE}"
EndProject
Project("{FAE04EC0-301F-11D3-BF4B-00C04F79EFBC}") = "SalesModel.Mapping", "Models\SalesModel.Mapping\SalesModel.Mapping.csproj", "{60D9A2BB-89E2-4275-9BC7-33BB6528F25E}"
EndProject
Project("{FAE04EC0-301F-11D3-BF4B-00C04F79EFBC}") = "DTO", "DTO\DTO.csproj", "{6F59EB20-910F-434C-AEFF-211C68136F7A}"
EndProject
Global
	GlobalSection(SolutionConfigurationPlatforms) = preSolution
		Debug|Any CPU = Debug|Any CPU
		Mac|Any CPU = Mac|Any CPU
		Release|Any CPU = Release|Any CPU
	EndGlobalSection
	GlobalSection(ProjectConfigurationPlatforms) = postSolution
		{C005D54A-DC2F-4946-B4C8-12E19BC2C9C9}.Debug|Any CPU.ActiveCfg = Debug|Any CPU
		{C005D54A-DC2F-4946-B4C8-12E19BC2C9C9}.Debug|Any CPU.Build.0 = Debug|Any CPU
		{C005D54A-DC2F-4946-B4C8-12E19BC2C9C9}.Mac|Any CPU.ActiveCfg = Mac|Any CPU
		{C005D54A-DC2F-4946-B4C8-12E19BC2C9C9}.Mac|Any CPU.Build.0 = Mac|Any CPU
		{C005D54A-DC2F-4946-B4C8-12E19BC2C9C9}.Release|Any CPU.ActiveCfg = Release|Any CPU
		{C005D54A-DC2F-4946-B4C8-12E19BC2C9C9}.Release|Any CPU.Build.0 = Release|Any CPU
		{4CF25EF8-01DE-4A51-8958-4EBFED5CFB14}.Debug|Any CPU.ActiveCfg = Debug|Any CPU
		{4CF25EF8-01DE-4A51-8958-4EBFED5CFB14}.Debug|Any CPU.Build.0 = Debug|Any CPU
		{4CF25EF8-01DE-4A51-8958-4EBFED5CFB14}.Mac|Any CPU.ActiveCfg = Mac|Any CPU
		{4CF25EF8-01DE-4A51-8958-4EBFED5CFB14}.Mac|Any CPU.Build.0 = Mac|Any CPU
		{4CF25EF8-01DE-4A51-8958-4EBFED5CFB14}.Release|Any CPU.ActiveCfg = Release|Any CPU
		{4CF25EF8-01DE-4A51-8958-4EBFED5CFB14}.Release|Any CPU.Build.0 = Release|Any CPU
		{97BAD7EC-3EDA-4D58-9D14-B303DC892B41}.Debug|Any CPU.ActiveCfg = Debug|Any CPU
		{97BAD7EC-3EDA-4D58-9D14-B303DC892B41}.Debug|Any CPU.Build.0 = Debug|Any CPU
		{97BAD7EC-3EDA-4D58-9D14-B303DC892B41}.Mac|Any CPU.ActiveCfg = Mac|Any CPU
		{97BAD7EC-3EDA-4D58-9D14-B303DC892B41}.Mac|Any CPU.Build.0 = Mac|Any CPU
		{97BAD7EC-3EDA-4D58-9D14-B303DC892B41}.Release|Any CPU.ActiveCfg = Release|Any CPU
		{97BAD7EC-3EDA-4D58-9D14-B303DC892B41}.Release|Any CPU.Build.0 = Release|Any CPU
		{DEBC2EB8-5177-4132-AB80-F5281B908803}.Debug|Any CPU.ActiveCfg = Debug|Any CPU
		{DEBC2EB8-5177-4132-AB80-F5281B908803}.Debug|Any CPU.Build.0 = Debug|Any CPU
		{DEBC2EB8-5177-4132-AB80-F5281B908803}.Mac|Any CPU.ActiveCfg = Mac|Any CPU
		{DEBC2EB8-5177-4132-AB80-F5281B908803}.Mac|Any CPU.Build.0 = Mac|Any CPU
		{DEBC2EB8-5177-4132-AB80-F5281B908803}.Release|Any CPU.ActiveCfg = Release|Any CPU
		{DEBC2EB8-5177-4132-AB80-F5281B908803}.Release|Any CPU.Build.0 = Release|Any CPU
		{51EBDC16-245F-4F2C-9056-32556F04BC63}.Debug|Any CPU.ActiveCfg = Debug|Any CPU
		{51EBDC16-245F-4F2C-9056-32556F04BC63}.Debug|Any CPU.Build.0 = Debug|Any CPU
		{51EBDC16-245F-4F2C-9056-32556F04BC63}.Mac|Any CPU.ActiveCfg = Mac|Any CPU
		{51EBDC16-245F-4F2C-9056-32556F04BC63}.Mac|Any CPU.Build.0 = Mac|Any CPU
		{51EBDC16-245F-4F2C-9056-32556F04BC63}.Release|Any CPU.ActiveCfg = Release|Any CPU
		{51EBDC16-245F-4F2C-9056-32556F04BC63}.Release|Any CPU.Build.0 = Release|Any CPU
		{9B0300D4-1FED-4226-ADF7-A66E11BD048B}.Debug|Any CPU.ActiveCfg = Debug|Any CPU
		{9B0300D4-1FED-4226-ADF7-A66E11BD048B}.Debug|Any CPU.Build.0 = Debug|Any CPU
		{9B0300D4-1FED-4226-ADF7-A66E11BD048B}.Mac|Any CPU.ActiveCfg = Mac|Any CPU
		{9B0300D4-1FED-4226-ADF7-A66E11BD048B}.Mac|Any CPU.Build.0 = Mac|Any CPU
		{9B0300D4-1FED-4226-ADF7-A66E11BD048B}.Release|Any CPU.ActiveCfg = Release|Any CPU
		{9B0300D4-1FED-4226-ADF7-A66E11BD048B}.Release|Any CPU.Build.0 = Release|Any CPU
		{498F1A76-BBC9-444F-9945-85B36D1C663C}.Debug|Any CPU.ActiveCfg = Debug|Any CPU
		{498F1A76-BBC9-444F-9945-85B36D1C663C}.Debug|Any CPU.Build.0 = Debug|Any CPU
		{498F1A76-BBC9-444F-9945-85B36D1C663C}.Mac|Any CPU.ActiveCfg = Mac|Any CPU
		{498F1A76-BBC9-444F-9945-85B36D1C663C}.Mac|Any CPU.Build.0 = Mac|Any CPU
		{498F1A76-BBC9-444F-9945-85B36D1C663C}.Release|Any CPU.ActiveCfg = Release|Any CPU
		{498F1A76-BBC9-444F-9945-85B36D1C663C}.Release|Any CPU.Build.0 = Release|Any CPU
		{4ECD0E9B-EFC1-4424-8966-E9ABAA446BEE}.Debug|Any CPU.ActiveCfg = Debug|Any CPU
		{4ECD0E9B-EFC1-4424-8966-E9ABAA446BEE}.Debug|Any CPU.Build.0 = Debug|Any CPU
		{4ECD0E9B-EFC1-4424-8966-E9ABAA446BEE}.Mac|Any CPU.ActiveCfg = Mac|Any CPU
		{4ECD0E9B-EFC1-4424-8966-E9ABAA446BEE}.Mac|Any CPU.Build.0 = Mac|Any CPU
		{4ECD0E9B-EFC1-4424-8966-E9ABAA446BEE}.Release|Any CPU.ActiveCfg = Release|Any CPU
		{4ECD0E9B-EFC1-4424-8966-E9ABAA446BEE}.Release|Any CPU.Build.0 = Release|Any CPU
		{60D9A2BB-89E2-4275-9BC7-33BB6528F25E}.Debug|Any CPU.ActiveCfg = Debug|Any CPU
		{60D9A2BB-89E2-4275-9BC7-33BB6528F25E}.Debug|Any CPU.Build.0 = Debug|Any CPU
		{60D9A2BB-89E2-4275-9BC7-33BB6528F25E}.Mac|Any CPU.ActiveCfg = Mac|Any CPU
		{60D9A2BB-89E2-4275-9BC7-33BB6528F25E}.Mac|Any CPU.Build.0 = Mac|Any CPU
		{60D9A2BB-89E2-4275-9BC7-33BB6528F25E}.Release|Any CPU.ActiveCfg = Release|Any CPU
		{60D9A2BB-89E2-4275-9BC7-33BB6528F25E}.Release|Any CPU.Build.0 = Release|Any CPU
		{6F59EB20-910F-434C-AEFF-211C68136F7A}.Debug|Any CPU.ActiveCfg = Debug|Any CPU
		{6F59EB20-910F-434C-AEFF-211C68136F7A}.Debug|Any CPU.Build.0 = Debug|Any CPU
		{6F59EB20-910F-434C-AEFF-211C68136F7A}.Mac|Any CPU.ActiveCfg = Release|Any CPU
		{6F59EB20-910F-434C-AEFF-211C68136F7A}.Mac|Any CPU.Build.0 = Release|Any CPU
		{6F59EB20-910F-434C-AEFF-211C68136F7A}.Release|Any CPU.ActiveCfg = Release|Any CPU
		{6F59EB20-910F-434C-AEFF-211C68136F7A}.Release|Any CPU.Build.0 = Release|Any CPU
	EndGlobalSection
	GlobalSection(SolutionProperties) = preSolution
		HideSolutionNode = FALSE
	EndGlobalSection
	GlobalSection(NestedProjects) = preSolution
		{4CF25EF8-01DE-4A51-8958-4EBFED5CFB14} = {0E2F4613-DF84-494F-B548-24C40F6EE35D}
		{97BAD7EC-3EDA-4D58-9D14-B303DC892B41} = {4202C901-4819-42D6-AC3F-5981D20D9C0F}
		{DEBC2EB8-5177-4132-AB80-F5281B908803} = {0E2F4613-DF84-494F-B548-24C40F6EE35D}
		{51EBDC16-245F-4F2C-9056-32556F04BC63} = {0E2F4613-DF84-494F-B548-24C40F6EE35D}
		{9B0300D4-1FED-4226-ADF7-A66E11BD048B} = {4202C901-4819-42D6-AC3F-5981D20D9C0F}
		{498F1A76-BBC9-444F-9945-85B36D1C663C} = {3EE97BA3-C169-49EA-BF5B-4F05D52396BF}
		{4ECD0E9B-EFC1-4424-8966-E9ABAA446BEE} = {0E2F4613-DF84-494F-B548-24C40F6EE35D}
		{60D9A2BB-89E2-4275-9BC7-33BB6528F25E} = {4202C901-4819-42D6-AC3F-5981D20D9C0F}
		{6F59EB20-910F-434C-AEFF-211C68136F7A} = {3EE97BA3-C169-49EA-BF5B-4F05D52396BF}
	EndGlobalSection
EndGlobal
